schema: '2.0'
stages:
  preprocess:
    cmd: python src/preprocess.py
    deps:
    - path: data/raw/train.csv
      hash: md5
      md5: 62acf68c544d136cc6675df497b6a01f
      size: 33347168
    - path: src/preprocess.py
      hash: md5
      md5: b58c497c4a8501a357640a2931b23ef5
      size: 862
    outs:
    - path: data/processed/train_clean.csv
      hash: md5
      md5: fdebe11da4d111de1748ad9f1576e02a
      size: 32735039
  train:
    cmd: python src/train.py
    deps:
    - path: data/processed/train_clean.csv
      hash: md5
      md5: fdebe11da4d111de1748ad9f1576e02a
      size: 32735039
    - path: params.yaml
      hash: md5
      md5: 8e52056417ba27d178eafb063416cbbe
      size: 124
    - path: src/train.py
      hash: md5
      md5: 8372b2bda8c3bcb20ba4ddc01db86e36
      size: 2390
    outs:
    - path: metrics.json
      hash: md5
      md5: 79869a9b12eee66ed09bc7dc41ede18f
      size: 109
  evaluate:
    cmd: python src/evaluate.py
    deps:
    - path: data/processed/train_clean.csv
      hash: md5
      md5: fdebe11da4d111de1748ad9f1576e02a
      size: 32735039
    - path: models/model.pkl
      hash: md5
      md5: 9fe76dd06530fe4e92081e04810b3db7
      size: 2348260
    - path: src/evaluate.py
      hash: md5
      md5: b560dbb637b875ff4b521835b8eda260
      size: 1042
